
Microsoft Visual Studio Solution File, Format Version 12.00
# Visual Studio 14
VisualStudioVersion = 14.0.23107.0
MinimumVisualStudioVersion = 10.0.40219.1
Project("{FAE04EC0-301F-11D3-BF4B-00C04F79EFBC}") = "BaseEntities", "Core\BaseEntities\BaseEntities.csproj", "{BAB96293-4DCF-4EFE-A83C-75269A178815}"
EndProject
Project("{FAE04EC0-301F-11D3-BF4B-00C04F79EFBC}") = "CoreDM", "Core\CoreDM\CoreDM.csproj", "{909ACB16-A79C-4AC6-B854-903ECE94A0C3}"
EndProject
Project("{FAE04EC0-301F-11D3-BF4B-00C04F79EFBC}") = "CoreAPI", "Core\CoreAPI\CoreAPI.csproj", "{5E584D25-0554-4D80-AABE-C82B468FEB0A}"
EndProject
Project("{FAE04EC0-301F-11D3-BF4B-00C04F79EFBC}") = "CoreWeb", "Core\CoreWeb\CoreWeb.csproj", "{246FD953-59E5-476C-A343-D6B14CCF44AB}"
EndProject
Project("{FAE04EC0-301F-11D3-BF4B-00C04F79EFBC}") = "CoreTest", "Core\CoreTest\CoreTest.csproj", "{D21A2BC1-49F5-4AAE-A1E6-1D393A1243E7}"
EndProject
Project("{FAE04EC0-301F-11D3-BF4B-00C04F79EFBC}") = "FuelAPI", "FuelAPI\FuelAPI.csproj", "{A3412DC2-AA7C-4776-8718-65DEFCC51CBB}"
EndProject
Project("{FAE04EC0-301F-11D3-BF4B-00C04F79EFBC}") = "TankBalance", "Core\TankBalance\TankBalance.csproj", "{475CE233-2122-4CC4-90EB-D5105BCA5231}"
EndProject
Global
	GlobalSection(SolutionConfigurationPlatforms) = preSolution
		Debug|Any CPU = Debug|Any CPU
		Pkg|Any CPU = Pkg|Any CPU
		Release|Any CPU = Release|Any CPU
		ReleaseForms|Any CPU = ReleaseForms|Any CPU
	EndGlobalSection
	GlobalSection(ProjectConfigurationPlatforms) = postSolution
		{BAB96293-4DCF-4EFE-A83C-75269A178815}.Debug|Any CPU.ActiveCfg = Debug|Any CPU
		{BAB96293-4DCF-4EFE-A83C-75269A178815}.Debug|Any CPU.Build.0 = Debug|Any CPU
		{BAB96293-4DCF-4EFE-A83C-75269A178815}.Pkg|Any CPU.ActiveCfg = Release|Any CPU
		{BAB96293-4DCF-4EFE-A83C-75269A178815}.Pkg|Any CPU.Build.0 = Release|Any CPU
		{BAB96293-4DCF-4EFE-A83C-75269A178815}.Release|Any CPU.ActiveCfg = Release|Any CPU
		{BAB96293-4DCF-4EFE-A83C-75269A178815}.Release|Any CPU.Build.0 = Release|Any CPU
		{BAB96293-4DCF-4EFE-A83C-75269A178815}.ReleaseForms|Any CPU.ActiveCfg = Release|Any CPU
		{BAB96293-4DCF-4EFE-A83C-75269A178815}.ReleaseForms|Any CPU.Build.0 = Release|Any CPU
		{909ACB16-A79C-4AC6-B854-903ECE94A0C3}.Debug|Any CPU.ActiveCfg = Debug|Any CPU
		{909ACB16-A79C-4AC6-B854-903ECE94A0C3}.Debug|Any CPU.Build.0 = Debug|Any CPU
		{909ACB16-A79C-4AC6-B854-903ECE94A0C3}.Pkg|Any CPU.ActiveCfg = Release|Any CPU
		{909ACB16-A79C-4AC6-B854-903ECE94A0C3}.Pkg|Any CPU.Build.0 = Release|Any CPU
		{909ACB16-A79C-4AC6-B854-903ECE94A0C3}.Release|Any CPU.ActiveCfg = Release|Any CPU
		{909ACB16-A79C-4AC6-B854-903ECE94A0C3}.Release|Any CPU.Build.0 = Release|Any CPU
		{909ACB16-A79C-4AC6-B854-903ECE94A0C3}.ReleaseForms|Any CPU.ActiveCfg = Release|Any CPU
		{909ACB16-A79C-4AC6-B854-903ECE94A0C3}.ReleaseForms|Any CPU.Build.0 = Release|Any CPU
		{5E584D25-0554-4D80-AABE-C82B468FEB0A}.Debug|Any CPU.ActiveCfg = Debug|Any CPU
		{5E584D25-0554-4D80-AABE-C82B468FEB0A}.Debug|Any CPU.Build.0 = Debug|Any CPU
		{5E584D25-0554-4D80-AABE-C82B468FEB0A}.Pkg|Any CPU.ActiveCfg = Release|Any CPU
		{5E584D25-0554-4D80-AABE-C82B468FEB0A}.Pkg|Any CPU.Build.0 = Release|Any CPU
		{5E584D25-0554-4D80-AABE-C82B468FEB0A}.Release|Any CPU.ActiveCfg = Release|Any CPU
		{5E584D25-0554-4D80-AABE-C82B468FEB0A}.Release|Any CPU.Build.0 = Release|Any CPU
		{5E584D25-0554-4D80-AABE-C82B468FEB0A}.ReleaseForms|Any CPU.ActiveCfg = Release|Any CPU
		{5E584D25-0554-4D80-AABE-C82B468FEB0A}.ReleaseForms|Any CPU.Build.0 = Release|Any CPU
		{246FD953-59E5-476C-A343-D6B14CCF44AB}.Debug|Any CPU.ActiveCfg = Debug|Any CPU
		{246FD953-59E5-476C-A343-D6B14CCF44AB}.Debug|Any CPU.Build.0 = Debug|Any CPU
		{246FD953-59E5-476C-A343-D6B14CCF44AB}.Pkg|Any CPU.ActiveCfg = Release|Any CPU
		{246FD953-59E5-476C-A343-D6B14CCF44AB}.Pkg|Any CPU.Build.0 = Release|Any CPU
		{246FD953-59E5-476C-A343-D6B14CCF44AB}.Release|Any CPU.ActiveCfg = Release|Any CPU
		{246FD953-59E5-476C-A343-D6B14CCF44AB}.Release|Any CPU.Build.0 = Release|Any CPU
		{246FD953-59E5-476C-A343-D6B14CCF44AB}.ReleaseForms|Any CPU.ActiveCfg = ReleaseForms|Any CPU
		{246FD953-59E5-476C-A343-D6B14CCF44AB}.ReleaseForms|Any CPU.Build.0 = ReleaseForms|Any CPU
		{D21A2BC1-49F5-4AAE-A1E6-1D393A1243E7}.Debug|Any CPU.ActiveCfg = Debug|Any CPU
		{D21A2BC1-49F5-4AAE-A1E6-1D393A1243E7}.Debug|Any CPU.Build.0 = Debug|Any CPU
		{D21A2BC1-49F5-4AAE-A1E6-1D393A1243E7}.Pkg|Any CPU.ActiveCfg = Release|Any CPU
		{D21A2BC1-49F5-4AAE-A1E6-1D393A1243E7}.Pkg|Any CPU.Build.0 = Release|Any CPU
		{D21A2BC1-49F5-4AAE-A1E6-1D393A1243E7}.Release|Any CPU.ActiveCfg = Release|Any CPU
		{D21A2BC1-49F5-4AAE-A1E6-1D393A1243E7}.Release|Any CPU.Build.0 = Release|Any CPU
		{D21A2BC1-49F5-4AAE-A1E6-1D393A1243E7}.ReleaseForms|Any CPU.ActiveCfg = Release|Any CPU
		{D21A2BC1-49F5-4AAE-A1E6-1D393A1243E7}.ReleaseForms|Any CPU.Build.0 = Release|Any CPU
		{A3412DC2-AA7C-4776-8718-65DEFCC51CBB}.Debug|Any CPU.ActiveCfg = Debug|Any CPU
		{A3412DC2-AA7C-4776-8718-65DEFCC51CBB}.Debug|Any CPU.Build.0 = Debug|Any CPU
		{A3412DC2-AA7C-4776-8718-65DEFCC51CBB}.Pkg|Any CPU.ActiveCfg = Release|Any CPU
		{A3412DC2-AA7C-4776-8718-65DEFCC51CBB}.Pkg|Any CPU.Build.0 = Release|Any CPU
		{A3412DC2-AA7C-4776-8718-65DEFCC51CBB}.Release|Any CPU.ActiveCfg = Release|Any CPU
		{A3412DC2-AA7C-4776-8718-65DEFCC51CBB}.Release|Any CPU.Build.0 = Release|Any CPU
		{A3412DC2-AA7C-4776-8718-65DEFCC51CBB}.ReleaseForms|Any CPU.ActiveCfg = Release|Any CPU
		{A3412DC2-AA7C-4776-8718-65DEFCC51CBB}.ReleaseForms|Any CPU.Build.0 = Release|Any CPU
		{475CE233-2122-4CC4-90EB-D5105BCA5231}.Debug|Any CPU.ActiveCfg = Debug|Any CPU
		{475CE233-2122-4CC4-90EB-D5105BCA5231}.Debug|Any CPU.Build.0 = Debug|Any CPU
		{475CE233-2122-4CC4-90EB-D5105BCA5231}.Pkg|Any CPU.ActiveCfg = Release|Any CPU
		{475CE233-2122-4CC4-90EB-D5105BCA5231}.Pkg|Any CPU.Build.0 = Release|Any CPU
		{475CE233-2122-4CC4-90EB-D5105BCA5231}.Release|Any CPU.ActiveCfg = Release|Any CPU
		{475CE233-2122-4CC4-90EB-D5105BCA5231}.Release|Any CPU.Build.0 = Release|Any CPU
		{475CE233-2122-4CC4-90EB-D5105BCA5231}.ReleaseForms|Any CPU.ActiveCfg = Release|Any CPU
		{475CE233-2122-4CC4-90EB-D5105BCA5231}.ReleaseForms|Any CPU.Build.0 = Release|Any CPU
	EndGlobalSection
	GlobalSection(SolutionProperties) = preSolution
		HideSolutionNode = FALSE
	EndGlobalSection
EndGlobal
